// !$*UTF8*$!
{
	archiveVersion = 1;
	classes = {
	};
	objectVersion = 50;
	objects = {

/* Begin PBXBuildFile section */
		194DE26827862FBD0001C6B4 /* QuestionModel.swift in Sources */ = {isa = PBXBuildFile; fileRef = 194DE26727862FBD0001C6B4 /* QuestionModel.swift */; };
		194DE26A278632470001C6B4 /* QuestionBrain.swift in Sources */ = {isa = PBXBuildFile; fileRef = 194DE269278632470001C6B4 /* QuestionBrain.swift */; };
		197A5F84278811E10008878D /* ResultsModel.swift in Sources */ = {isa = PBXBuildFile; fileRef = 197A5F83278811E10008878D /* ResultsModel.swift */; };
		197A5F86278812720008878D /* ResultsBrain.swift in Sources */ = {isa = PBXBuildFile; fileRef = 197A5F85278812720008878D /* ResultsBrain.swift */; };
		197A5F8827881CEC0008878D /* ResultsViewController.swift in Sources */ = {isa = PBXBuildFile; fileRef = 197A5F8727881CEC0008878D /* ResultsViewController.swift */; };
		1997565C27602C3E00A9BCBC /* AppDelegate.swift in Sources */ = {isa = PBXBuildFile; fileRef = 1997565B27602C3E00A9BCBC /* AppDelegate.swift */; };
		1997565E27602C3E00A9BCBC /* SceneDelegate.swift in Sources */ = {isa = PBXBuildFile; fileRef = 1997565D27602C3E00A9BCBC /* SceneDelegate.swift */; };
		1997566027602C3E00A9BCBC /* ViewController.swift in Sources */ = {isa = PBXBuildFile; fileRef = 1997565F27602C3E00A9BCBC /* ViewController.swift */; };
		1997566327602C3E00A9BCBC /* Main.storyboard in Resources */ = {isa = PBXBuildFile; fileRef = 1997566127602C3E00A9BCBC /* Main.storyboard */; };
		1997566527602C4400A9BCBC /* Assets.xcassets in Resources */ = {isa = PBXBuildFile; fileRef = 1997566427602C4400A9BCBC /* Assets.xcassets */; };
		1997566827602C4400A9BCBC /* LaunchScreen.storyboard in Resources */ = {isa = PBXBuildFile; fileRef = 1997566627602C4400A9BCBC /* LaunchScreen.storyboard */; };
/* End PBXBuildFile section */

/* Begin PBXFileReference section */
		194DE26727862FBD0001C6B4 /* QuestionModel.swift */ = {isa = PBXFileReference; lastKnownFileType = sourcecode.swift; path = QuestionModel.swift; sourceTree = "<group>"; };
		194DE269278632470001C6B4 /* QuestionBrain.swift */ = {isa = PBXFileReference; lastKnownFileType = sourcecode.swift; path = QuestionBrain.swift; sourceTree = "<group>"; };
		197A5F83278811E10008878D /* ResultsModel.swift */ = {isa = PBXFileReference; lastKnownFileType = sourcecode.swift; path = ResultsModel.swift; sourceTree = "<group>"; };
		197A5F85278812720008878D /* ResultsBrain.swift */ = {isa = PBXFileReference; lastKnownFileType = sourcecode.swift; path = ResultsBrain.swift; sourceTree = "<group>"; };
		197A5F8727881CEC0008878D /* ResultsViewController.swift */ = {isa = PBXFileReference; lastKnownFileType = sourcecode.swift; path = ResultsViewController.swift; sourceTree = "<group>"; };
		1997565827602C3E00A9BCBC /* MyPersonality.app */ = {isa = PBXFileReference; explicitFileType = wrapper.application; includeInIndex = 0; path = MyPersonality.app; sourceTree = BUILT_PRODUCTS_DIR; };
		1997565B27602C3E00A9BCBC /* AppDelegate.swift */ = {isa = PBXFileReference; lastKnownFileType = sourcecode.swift; path = AppDelegate.swift; sourceTree = "<group>"; };
		1997565D27602C3E00A9BCBC /* SceneDelegate.swift */ = {isa = PBXFileReference; lastKnownFileType = sourcecode.swift; path = SceneDelegate.swift; sourceTree = "<group>"; };
		1997565F27602C3E00A9BCBC /* ViewController.swift */ = {isa = PBXFileReference; lastKnownFileType = sourcecode.swift; path = ViewController.swift; sourceTree = "<group>"; };
		1997566227602C3E00A9BCBC /* Base */ = {isa = PBXFileReference; lastKnownFileType = file.storyboard; name = Base; path = Base.lproj/Main.storyboard; sourceTree = "<group>"; };
		1997566427602C4400A9BCBC /* Assets.xcassets */ = {isa = PBXFileReference; lastKnownFileType = folder.assetcatalog; path = Assets.xcassets; sourceTree = "<group>"; };
		1997566727602C4400A9BCBC /* Base */ = {isa = PBXFileReference; lastKnownFileType = file.storyboard; name = Base; path = Base.lproj/LaunchScreen.storyboard; sourceTree = "<group>"; };
		1997566927602C4400A9BCBC /* Info.plist */ = {isa = PBXFileReference; lastKnownFileType = text.plist.xml; path = Info.plist; sourceTree = "<group>"; };
/* End PBXFileReference section */

/* Begin PBXFrameworksBuildPhase section */
		1997565527602C3E00A9BCBC /* Frameworks */ = {
			isa = PBXFrameworksBuildPhase;
			buildActionMask = 2147483647;
			files = (
			);
			runOnlyForDeploymentPostprocessing = 0;
		};
/* End PBXFrameworksBuildPhase section */

/* Begin PBXGroup section */
		1997564F27602C3E00A9BCBC = {
			isa = PBXGroup;
			children = (
				1997565A27602C3E00A9BCBC /* MyPersonality */,
				1997565927602C3E00A9BCBC /* Products */,
			);
			sourceTree = "<group>";
		};
		1997565927602C3E00A9BCBC /* Products */ = {
			isa = PBXGroup;
			children = (
				1997565827602C3E00A9BCBC /* MyPersonality.app */,
			);
			name = Products;
			sourceTree = "<group>";
		};
		1997565A27602C3E00A9BCBC /* MyPersonality */ = {
			isa = PBXGroup;
			children = (
				1997565B27602C3E00A9BCBC /* AppDelegate.swift */,
				1997565D27602C3E00A9BCBC /* SceneDelegate.swift */,
				1997569127668ECA00A9BCBC /* Model */,
				1997568F27668EA400A9BCBC /* Controller */,
				1997569027668EBC00A9BCBC /* View */,
				1997566427602C4400A9BCBC /* Assets.xcassets */,
				1997566627602C4400A9BCBC /* LaunchScreen.storyboard */,
				1997566927602C4400A9BCBC /* Info.plist */,
			);
			path = MyPersonality;
			sourceTree = "<group>";
		};
		1997568F27668EA400A9BCBC /* Controller */ = {
			isa = PBXGroup;
			children = (
				1997565F27602C3E00A9BCBC /* ViewController.swift */,
				197A5F8727881CEC0008878D /* ResultsViewController.swift */,
			);
			path = Controller;
			sourceTree = "<group>";
		};
		1997569027668EBC00A9BCBC /* View */ = {
			isa = PBXGroup;
			children = (
				1997566127602C3E00A9BCBC /* Main.storyboard */,
			);
			path = View;
			sourceTree = "<group>";
		};
		1997569127668ECA00A9BCBC /* Model */ = {
			isa = PBXGroup;
			children = (
				194DE26727862FBD0001C6B4 /* QuestionModel.swift */,
				194DE269278632470001C6B4 /* QuestionBrain.swift */,
				197A5F83278811E10008878D /* ResultsModel.swift */,
				197A5F85278812720008878D /* ResultsBrain.swift */,
			);
			path = Model;
			sourceTree = "<group>";
		};
/* End PBXGroup section */

/* Begin PBXNativeTarget section */
		1997565727602C3E00A9BCBC /* MyPersonality */ = {
			isa = PBXNativeTarget;
			buildConfigurationList = 1997566C27602C4400A9BCBC /* Build configuration list for PBXNativeTarget "MyPersonality" */;
			buildPhases = (
				1997565427602C3E00A9BCBC /* Sources */,
				1997565527602C3E00A9BCBC /* Frameworks */,
				1997565627602C3E00A9BCBC /* Resources */,
			);
			buildRules = (
			);
			dependencies = (
			);
			name = MyPersonality;
			productName = MyPersonality;
			productReference = 1997565827602C3E00A9BCBC /* MyPersonality.app */;
			productType = "com.apple.product-type.application";
		};
/* End PBXNativeTarget section */

/* Begin PBXProject section */
		1997565027602C3E00A9BCBC /* Project object */ = {
			isa = PBXProject;
			attributes = {
				LastSwiftUpdateCheck = 1130;
				LastUpgradeCheck = 1130;
				ORGANIZATIONNAME = manasa;
				TargetAttributes = {
					1997565727602C3E00A9BCBC = {
						CreatedOnToolsVersion = 11.3.1;
					};
				};
			};
			buildConfigurationList = 1997565327602C3E00A9BCBC /* Build configuration list for PBXProject "MyPersonality" */;
			compatibilityVersion = "Xcode 9.3";
			developmentRegion = en;
			hasScannedForEncodings = 0;
			knownRegions = (
				en,
				Base,
			);
			mainGroup = 1997564F27602C3E00A9BCBC;
			productRefGroup = 1997565927602C3E00A9BCBC /* Products */;
			projectDirPath = "";
			projectRoot = "";
			targets = (
				1997565727602C3E00A9BCBC /* MyPersonality */,
			);
		};
/* End PBXProject section */

/* Begin PBXResourcesBuildPhase section */
		1997565627602C3E00A9BCBC /* Resources */ = {
			isa = PBXResourcesBuildPhase;
			buildActionMask = 2147483647;
			files = (
				1997566827602C4400A9BCBC /* LaunchScreen.storyboard in Resources */,
				1997566527602C4400A9BCBC /* Assets.xcassets in Resources */,
				1997566327602C3E00A9BCBC /* Main.storyboard in Resources */,
			);
			runOnlyForDeploymentPostprocessing = 0;
		};
/* End PBXResourcesBuildPhase section */

/* Begin PBXSourcesBuildPhase section */
		1997565427602C3E00A9BCBC /* Sources */ = {
			isa = PBXSourcesBuildPhase;
			buildActionMask = 2147483647;
			files = (
				197A5F84278811E10008878D /* ResultsModel.swift in Sources */,
				1997566027602C3E00A9BCBC /* ViewController.swift in Sources */,
				197A5F86278812720008878D /* ResultsBrain.swift in Sources */,
				1997565C27602C3E00A9BCBC /* AppDelegate.swift in Sources */,
				1997565E27602C3E00A9BCBC /* SceneDelegate.swift in Sources */,
				194DE26A278632470001C6B4 /* QuestionBrain.swift in Sources */,
				194DE26827862FBD0001C6B4 /* QuestionModel.swift in Sources */,
				197A5F8827881CEC0008878D /* ResultsViewController.swift in Sources */,
			);
			runOnlyForDeploymentPostprocessing = 0;
		};
/* End PBXSourcesBuildPhase section */

/* Begin PBXVariantGroup section */
		1997566127602C3E00A9BCBC /* Main.storyboard */ = {
			isa = PBXVariantGroup;
			children = (
				1997566227602C3E00A9BCBC /* Base */,
			);
			name = Main.storyboard;
			sourceTree = "<group>";
		};
		1997566627602C4400A9BCBC /* LaunchScreen.storyboard */ = {
			isa = PBXVariantGroup;
			children = (
				1997566727602C4400A9BCBC /* Base */,
			);
			name = LaunchScreen.storyboard;
			sourceTree = "<group>";
		};
/* End PBXVariantGroup section */

/* Begin XCBuildConfiguration section */
		1997566A27602C4400A9BCBC /* Debug */ = {
			isa = XCBuildConfiguration;
			buildSettings = {
				ALWAYS_SEARCH_USER_PATHS = NO;
				CLANG_ANALYZER_NONNULL = YES;
				CLANG_ANALYZER_NUMBER_OBJECT_CONVERSION = YES_AGGRESSIVE;
				CLANG_CXX_LANGUAGE_STANDARD = "gnu++14";
				CLANG_CXX_LIBRARY = "libc++";
				CLANG_ENABLE_MODULES = YES;
				CLANG_ENABLE_OBJC_ARC = YES;
				CLANG_ENABLE_OBJC_WEAK = YES;
				CLANG_WARN_BLOCK_CAPTURE_AUTORELEASING = YES;
				CLANG_WARN_BOOL_CONVERSION = YES;
				CLANG_WARN_COMMA = YES;
				CLANG_WARN_CONSTANT_CONVERSION = YES;
				CLANG_WARN_DEPRECATED_OBJC_IMPLEMENTATIONS = YES;
				CLANG_WARN_DIRECT_OBJC_ISA_USAGE = YES_ERROR;
				CLANG_WARN_DOCUMENTATION_COMMENTS = YES;
				CLANG_WARN_EMPTY_BODY = YES;
				CLANG_WARN_ENUM_CONVERSION = YES;
				CLANG_WARN_INFINITE_RECURSION = YES;
				CLANG_WARN_INT_CONVERSION = YES;
				CLANG_WARN_NON_LITERAL_NULL_CONVERSION = YES;
				CLANG_WARN_OBJC_IMPLICIT_RETAIN_SELF = YES;
				CLANG_WARN_OBJC_LITERAL_CONVERSION = YES;
				CLANG_WARN_OBJC_ROOT_CLASS = YES_ERROR;
				CLANG_WARN_RANGE_LOOP_ANALYSIS = YES;
				CLANG_WARN_STRICT_PROTOTYPES = YES;
				CLANG_WARN_SUSPICIOUS_MOVE = YES;
				CLANG_WARN_UNGUARDED_AVAILABILITY = YES_AGGRESSIVE;
				CLANG_WARN_UNREACHABLE_CODE = YES;
				CLANG_WARN__DUPLICATE_METHOD_MATCH = YES;
				COPY_PHASE_STRIP = NO;
				DEBUG_INFORMATION_FORMAT = dwarf;
				ENABLE_STRICT_OBJC_MSGSEND = YES;
				ENABLE_TESTABILITY = YES;
				GCC_C_LANGUAGE_STANDARD = gnu11;
				GCC_DYNAMIC_NO_PIC = NO;
				GCC_NO_COMMON_BLOCKS = YES;
				GCC_OPTIMIZATION_LEVEL = 0;
				GCC_PREPROCESSOR_DEFINITIONS = (
					"DEBUG=1",
					"$(inherited)",
				);
				GCC_WARN_64_TO_32_BIT_CONVERSION = YES;
				GCC_WARN_ABOUT_RETURN_TYPE = YES_ERROR;
				GCC_WARN_UNDECLARED_SELECTOR = YES;
				GCC_WARN_UNINITIALIZED_AUTOS = YES_AGGRESSIVE;
				GCC_WARN_UNUSED_FUNCTION = YES;
				GCC_WARN_UNUSED_VARIABLE = YES;
				IPHONEOS_DEPLOYMENT_TARGET = 13.2;
				MTL_ENABLE_DEBUG_INFO = INCLUDE_SOURCE;
				MTL_FAST_MATH = YES;
				ONLY_ACTIVE_ARCH = YES;
				SDKROOT = iphoneos;
				SWIFT_ACTIVE_COMPILATION_CONDITIONS = DEBUG;
				SWIFT_OPTIMIZATION_LEVEL = "-Onone";
			};
			name = Debug;
		};
		1997566B27602C4400A9BCBC /* Release */ = {
			isa = XCBuildConfiguration;
			buildSettings = {
				ALWAYS_SEARCH_USER_PATHS = NO;
				CLANG_ANALYZER_NONNULL = YES;
				CLANG_ANALYZER_NUMBER_OBJECT_CONVERSION = YES_AGGRESSIVE;
				CLANG_CXX_LANGUAGE_STANDARD = "gnu++14";
				CLANG_CXX_LIBRARY = "libc++";
				CLANG_ENABLE_MODULES = YES;
				CLANG_ENABLE_OBJC_ARC = YES;
				CLANG_ENABLE_OBJC_WEAK = YES;
				CLANG_WARN_BLOCK_CAPTURE_AUTORELEASING = YES;
				CLANG_WARN_BOOL_CONVERSION = YES;
				CLANG_WARN_COMMA = YES;
				CLANG_WARN_CONSTANT_CONVERSION = YES;
				CLANG_WARN_DEPRECATED_OBJC_IMPLEMENTATIONS = YES;
				CLANG_WARN_DIRECT_OBJC_ISA_USAGE = YES_ERROR;
				CLANG_WARN_DOCUMENTATION_COMMENTS = YES;
				CLANG_WARN_EMPTY_BODY = YES;
				CLANG_WARN_ENUM_CONVERSION = YES;
				CLANG_WARN_INFINITE_RECURSION = YES;
				CLANG_WARN_INT_CONVERSION = YES;
				CLANG_WARN_NON_LITERAL_NULL_CONVERSION = YES;
				CLANG_WARN_OBJC_IMPLICIT_RETAIN_SELF = YES;
				CLANG_WARN_OBJC_LITERAL_CONVERSION = YES;
				CLANG_WARN_OBJC_ROOT_CLASS = YES_ERROR;
				CLANG_WARN_RANGE_LOOP_ANALYSIS = YES;
				CLANG_WARN_STRICT_PROTOTYPES = YES;
				CLANG_WARN_SUSPICIOUS_MOVE = YES;
				CLANG_WARN_UNGUARDED_AVAILABILITY = YES_AGGRESSIVE;
				CLANG_WARN_UNREACHABLE_CODE = YES;
				CLANG_WARN__DUPLICATE_METHOD_MATCH = YES;
				COPY_PHASE_STRIP = NO;
				DEBUG_INFORMATION_FORMAT = "dwarf-with-dsym";
				ENABLE_NS_ASSERTIONS = NO;
				ENABLE_STRICT_OBJC_MSGSEND = YES;
				GCC_C_LANGUAGE_STANDARD = gnu11;
				GCC_NO_COMMON_BLOCKS = YES;
				GCC_WARN_64_TO_32_BIT_CONVERSION = YES;
				GCC_WARN_ABOUT_RETURN_TYPE = YES_ERROR;
				GCC_WARN_UNDECLARED_SELECTOR = YES;
				GCC_WARN_UNINITIALIZED_AUTOS = YES_AGGRESSIVE;
				GCC_WARN_UNUSED_FUNCTION = YES;
				GCC_WARN_UNUSED_VARIABLE = YES;
				IPHONEOS_DEPLOYMENT_TARGET = 13.2;
				MTL_ENABLE_DEBUG_INFO = NO;
				MTL_FAST_MATH = YES;
				SDKROOT = iphoneos;
				SWIFT_COMPILATION_MODE = wholemodule;
				SWIFT_OPTIMIZATION_LEVEL = "-O";
				VALIDATE_PRODUCT = YES;
			};
			name = Release;
		};
		1997566D27602C4400A9BCBC /* Debug */ = {
			isa = XCBuildConfiguration;
			buildSettings = {
				ASSETCATALOG_COMPILER_APPICON_NAME = AppIcon;
				CODE_SIGN_STYLE = Automatic;
				DEVELOPMENT_TEAM = XU89S2Y48X;
				INFOPLIST_FILE = MyPersonality/Info.plist;
				LD_RUNPATH_SEARCH_PATHS = (
					"$(inherited)",
					"@executable_path/Frameworks",
				);
				PRODUCT_BUNDLE_IDENTIFIER = com.manatr.MyPersonality;
				PRODUCT_NAME = "$(TARGET_NAME)";
				SWIFT_VERSION = 5.0;
				TARGETED_DEVICE_FAMILY = "1,2";
			};
			name = Debug;
		};
		1997566E27602C4400A9BCBC /* Release */ = {
			isa = XCBuildConfiguration;
			buildSettings = {
				ASSETCATALOG_COMPILER_APPICON_NAME = AppIcon;
				CODE_SIGN_STYLE = Automatic;
				DEVELOPMENT_TEAM = XU89S2Y48X;
				INFOPLIST_FILE = MyPersonality/Info.plist;
				LD_RUNPATH_SEARCH_PATHS = (
					"$(inherited)",
					"@executable_path/Frameworks",
				);
				PRODUCT_BUNDLE_IDENTIFIER = com.manatr.MyPersonality;
				PRODUCT_NAME = "$(TARGET_NAME)";
				SWIFT_VERSION = 5.0;
				TARGETED_DEVICE_FAMILY = "1,2";
			};
			name = Release;
		};
/* End XCBuildConfiguration section */

/* Begin XCConfigurationList section */
		1997565327602C3E00A9BCBC /* Build configuration list for PBXProject "MyPersonality" */ = {
			isa = XCConfigurationList;
			buildConfigurations = (
				1997566A27602C4400A9BCBC /* Debug */,
				1997566B27602C4400A9BCBC /* Release */,
			);
			defaultConfigurationIsVisible = 0;
			defaultConfigurationName = Release;
		};
		1997566C27602C4400A9BCBC /* Build configuration list for PBXNativeTarget "MyPersonality" */ = {
			isa = XCConfigurationList;
			buildConfigurations = (
				1997566D27602C4400A9BCBC /* Debug */,
				1997566E27602C4400A9BCBC /* Release */,
			);
			defaultConfigurationIsVisible = 0;
			defaultConfigurationName = Release;
		};
/* End XCConfigurationList section */
	};
	rootObject = 1997565027602C3E00A9BCBC /* Project object */;
}
